
Microsoft Visual Studio Solution File, Format Version 12.00
# Visual Studio Version 17
VisualStudioVersion = 17.0.31919.166
MinimumVisualStudioVersion = 10.0.40219.1
Project("{FAE04EC0-301F-11D3-BF4B-00C04F79EFBC}") = "space invaders", "space invaders.csproj", "{A2AB1673-CEFB-45FF-8927-25FE2A963826}"
EndProject
Global
	GlobalSection(SolutionConfigurationPlatforms) = preSolution
		Debug|Any CPU = Debug|Any CPU
		Release|Any CPU = Release|Any CPU
	EndGlobalSection
	GlobalSection(ProjectConfigurationPlatforms) = postSolution
		{A2AB1673-CEFB-45FF-8927-25FE2A963826}.Debug|Any CPU.ActiveCfg = Debug|Any CPU
		{A2AB1673-CEFB-45FF-8927-25FE2A963826}.Debug|Any CPU.Build.0 = Debug|Any CPU
		{A2AB1673-CEFB-45FF-8927-25FE2A963826}.Release|Any CPU.ActiveCfg = Release|Any CPU
		{A2AB1673-CEFB-45FF-8927-25FE2A963826}.Release|Any CPU.Build.0 = Release|Any CPU
	EndGlobalSection
	GlobalSection(SolutionProperties) = preSolution
		HideSolutionNode = FALSE
	EndGlobalSection
	GlobalSection(ExtensibilityGlobals) = postSolution
		SolutionGuid = {C2064CC4-2BA2-44AE-BE40-47388DBB4C08}
	EndGlobalSection
EndGlobal
